
Microsoft Visual Studio Solution File, Format Version 12.00
# Visual Studio Version 16
VisualStudioVersion = 16.0.31410.357
MinimumVisualStudioVersion = 10.0.40219.1
Project("{FAE04EC0-301F-11D3-BF4B-00C04F79EFBC}") = "Victorina", "Victorina\Victorina.csproj", "{C3616ADF-8A80-4BD7-963E-F1B4B6FC248C}"
EndProject
Global
	GlobalSection(SolutionConfigurationPlatforms) = preSolution
		Debug|Any CPU = Debug|Any CPU
		Release|Any CPU = Release|Any CPU
	EndGlobalSection
	GlobalSection(ProjectConfigurationPlatforms) = postSolution
		{C3616ADF-8A80-4BD7-963E-F1B4B6FC248C}.Debug|Any CPU.ActiveCfg = Debug|Any CPU
		{C3616ADF-8A80-4BD7-963E-F1B4B6FC248C}.Debug|Any CPU.Build.0 = Debug|Any CPU
		{C3616ADF-8A80-4BD7-963E-F1B4B6FC248C}.Release|Any CPU.ActiveCfg = Release|Any CPU
		{C3616ADF-8A80-4BD7-963E-F1B4B6FC248C}.Release|Any CPU.Build.0 = Release|Any CPU
	EndGlobalSection
	GlobalSection(SolutionProperties) = preSolution
		HideSolutionNode = FALSE
	EndGlobalSection
	GlobalSection(ExtensibilityGlobals) = postSolution
		SolutionGuid = {D2D1F365-AC53-46A0-B7A3-CCE530E7A896}
	EndGlobalSection
EndGlobal
